
Microsoft Visual Studio Solution File, Format Version 12.00
# Visual Studio Version 18
VisualStudioVersion = 18.6.11819.183 stable
MinimumVisualStudioVersion = 10.0.40219.1
Project("{FAE04EC0-301F-11D3-BF4B-00C04F79EFBC}") = "Bridge", "Bridge\Bridge.csproj", "{A2481C7A-46E6-4CF8-A5F7-39B722C3AAAF}"
EndProject
Global
	GlobalSection(SolutionConfigurationPlatforms) = preSolution
		Debug|Any CPU = Debug|Any CPU
		Release|Any CPU = Release|Any CPU
	EndGlobalSection
	GlobalSection(ProjectConfigurationPlatforms) = postSolution
		{A2481C7A-46E6-4CF8-A5F7-39B722C3AAAF}.Debug|Any CPU.ActiveCfg = Debug|Any CPU
		{A2481C7A-46E6-4CF8-A5F7-39B722C3AAAF}.Debug|Any CPU.Build.0 = Debug|Any CPU
		{A2481C7A-46E6-4CF8-A5F7-39B722C3AAAF}.Release|Any CPU.ActiveCfg = Release|Any CPU
		{A2481C7A-46E6-4CF8-A5F7-39B722C3AAAF}.Release|Any CPU.Build.0 = Release|Any CPU
	EndGlobalSection
	GlobalSection(SolutionProperties) = preSolution
		HideSolutionNode = FALSE
	EndGlobalSection
	GlobalSection(ExtensibilityGlobals) = postSolution
		SolutionGuid = {94BE0B15-BC24-4406-B76F-17A5701EF8A3}
	EndGlobalSection
EndGlobal
